Microsoft Visual Studio Solution File, Format Version 12.00
# Visual Studio Version 17
VisualStudioVersion = 17.0.31903.59
MinimumVisualStudioVersion = 10.0.40219.1
Project("{FAE04EC0-301F-11D3-BF4B-00C04F79EFBC}") = "ModScope.LocalKnowledge", "src\ModScope.LocalKnowledge\ModScope.LocalKnowledge.csproj", "{6A1A0E48-1F0B-4B7E-8D7E-0B8E77A3B7E1}"
EndProject
Project("{FAE04EC0-301F-11D3-BF4B-00C04F79EFBC}") = "ModScope.LocalKnowledge.Tests", "tests\ModScope.LocalKnowledge.Tests\ModScope.LocalKnowledge.Tests.csproj", "{B4A57E6B-5B34-4D94-87E0-46E88F4F0D5B}"
EndProject
Global
	GlobalSection(SolutionConfigurationPlatforms) = preSolution
		Debug|Any CPU = Debug|Any CPU
		Release|Any CPU = Release|Any CPU
	EndGlobalSection
	GlobalSection(ProjectConfigurationPlatforms) = postSolution
		{6A1A0E48-1F0B-4B7E-8D7E-0B8E77A3B7E1}.Debug|Any CPU.ActiveCfg = Debug|Any CPU
		{6A1A0E48-1F0B-4B7E-8D7E-0B8E77A3B7E1}.Debug|Any CPU.Build.0 = Debug|Any CPU
		{6A1A0E48-1F0B-4B7E-8D7E-0B8E77A3B7E1}.Release|Any CPU.ActiveCfg = Release|Any CPU
		{6A1A0E48-1F0B-4B7E-8D7E-0B8E77A3B7E1}.Release|Any CPU.Build.0 = Release|Any CPU
		{B4A57E6B-5B34-4D94-87E0-46E88F4F0D5B}.Debug|Any CPU.ActiveCfg = Debug|Any CPU
		{B4A57E6B-5B34-4D94-87E0-46E88F4F0D5B}.Debug|Any CPU.Build.0 = Debug|Any CPU
		{B4A57E6B-5B34-4D94-87E0-46E88F4F0D5B}.Release|Any CPU.ActiveCfg = Release|Any CPU
		{B4A57E6B-5B34-4D94-87E0-46E88F4F0D5B}.Release|Any CPU.Build.0 = Release|Any CPU
	EndGlobalSection
	GlobalSection(SolutionProperties) = preSolution
		HideSolutionNode = FALSE
	EndGlobalSection
EndGlobal
